
Microsoft Visual Studio Solution File, Format Version 10.00
# Visual Studio 2008
Project("{8BC9CEB8-8B4A-11D0-8D11-00A0C91BC942}") = "SkyX", "SkyX\SkyX.vcproj", "{64A262CF-6722-4443-A84D-BA5FE3BD87D5}"
EndProject
Global
	GlobalSection(SolutionConfigurationPlatforms) = preSolution
		Debug|Win32 = Debug|Win32
		Release|Win32 = Release|Win32
	EndGlobalSection
	GlobalSection(ProjectConfigurationPlatforms) = postSolution
		{64A262CF-6722-4443-A84D-BA5FE3BD87D5}.Debug|Win32.ActiveCfg = Debug|Win32
		{64A262CF-6722-4443-A84D-BA5FE3BD87D5}.Debug|Win32.Build.0 = Debug|Win32
		{64A262CF-6722-4443-A84D-BA5FE3BD87D5}.Release|Win32.ActiveCfg = Release|Win32
		{64A262CF-6722-4443-A84D-BA5FE3BD87D5}.Release|Win32.Build.0 = Release|Win32
	EndGlobalSection
	GlobalSection(SolutionProperties) = preSolution
		HideSolutionNode = FALSE
	EndGlobalSection
EndGlobal
