
Microsoft Visual Studio Solution File, Format Version 10.00
# Visual Studio 2008
Project("{8BC9CEB8-8B4A-11D0-8D11-00A0C91BC942}") = "LookingGlassOgre", "LookingGlassOgre.vcproj", "{E358EECD-1F8A-4DE8-B20C-42A48BFF68FF}"
EndProject
Global
	GlobalSection(SolutionConfigurationPlatforms) = preSolution
		Debug|Win32 = Debug|Win32
		Release|Win32 = Release|Win32
	EndGlobalSection
	GlobalSection(ProjectConfigurationPlatforms) = postSolution
		{E358EECD-1F8A-4DE8-B20C-42A48BFF68FF}.Debug|Win32.ActiveCfg = Debug|Win32
		{E358EECD-1F8A-4DE8-B20C-42A48BFF68FF}.Debug|Win32.Build.0 = Debug|Win32
		{E358EECD-1F8A-4DE8-B20C-42A48BFF68FF}.Release|Win32.ActiveCfg = Release|Win32
		{E358EECD-1F8A-4DE8-B20C-42A48BFF68FF}.Release|Win32.Build.0 = Release|Win32
	EndGlobalSection
	GlobalSection(SolutionProperties) = preSolution
		HideSolutionNode = FALSE
	EndGlobalSection
EndGlobal
